Microsoft Visual Studio Solution File, Format Version 12.00
# Visual Studio Version 17
VisualStudioVersion = 17.7.33808.371
MinimumVisualStudioVersion = 10.0.40219.1
Project("{2150E333-8FDC-42A3-9474-1A3956D46DE8}") = "Solution Items", "Solution Items", "{3943FC00-5155-481C-ABD2-2F1E094589A0}"
	ProjectSection(SolutionItems) = preProject
		.editorconfig = .editorconfig
		global.json = global.json
		NuGet.Config = NuGet.Config
	EndProjectSection
EndProject
Project("{2150E333-8FDC-42A3-9474-1A3956D46DE8}") = "demo", "demo", "{04361DC9-3E9F-481A-9489-068DE8688332}"
EndProject
Project("{2150E333-8FDC-42A3-9474-1A3956D46DE8}") = "test", "test", "{02D54F9E-8518-40C9-B2CD-2A4F8CA339A3}"
EndProject
Project("{2150E333-8FDC-42A3-9474-1A3956D46DE8}") = "src", "src", "{A98F348B-49A9-43CB-924A-9F0A40CA88B2}"
EndProject
Project("{FAE04EC0-301F-11D3-BF4B-00C04F79EFBC}") = "UUID.Demo", "demo\UUID.Demo\UUID.Demo.csproj", "{BDBE3439-450F-8792-3B14-6E8333921809}"
EndProject
Project("{FAE04EC0-301F-11D3-BF4B-00C04F79EFBC}") = "UUID", "src\UUID\UUID.csproj", "{5CC30F3B-431B-496B-91F9-9FD12F079DBA}"
EndProject
Project("{FAE04EC0-301F-11D3-BF4B-00C04F79EFBC}") = "UUID.Tests", "test\UUID.Tests\UUID.Tests.csproj", "{FC997986-74D3-F9FE-BA5C-376D348DF859}"
EndProject
Project("{2150E333-8FDC-42A3-9474-1A3956D46DE8}") = "benchmark", "benchmark", "{02EA681E-C7D8-13C7-8484-4AC65E1B71E8}"
EndProject
Project("{FAE04EC0-301F-11D3-BF4B-00C04F79EFBC}") = "UUID.Benchmarks", "benchmark\UUID.Benchmarks\UUID.Benchmarks.csproj", "{709ECC72-B71F-C590-0855-BB31582B4CFC}"
EndProject
Project("{FAE04EC0-301F-11D3-BF4B-00C04F79EFBC}") = "UUID.Serialization.Newtonsoft", "src\UUID.Serialization.Newtonsoft\UUID.Serialization.Newtonsoft.csproj", "{AE19A6AD-012A-9C81-AF15-A141F6327505}"
EndProject
Project("{FAE04EC0-301F-11D3-BF4B-00C04F79EFBC}") = "UUID.Serialization.System", "src\UUID.Serialization.System\UUID.Serialization.System.csproj", "{9C07747D-CD55-53CF-DE50-ED55C2D6D51E}"
EndProject
Project("{FAE04EC0-301F-11D3-BF4B-00C04F79EFBC}") = "UUID.Serialization.System.Tests", "test\UUID.Serialization.System.Tests\UUID.Serialization.System.Tests.csproj", "{F40619AB-7DFC-8B96-92C1-8A8E0805F742}"
EndProject
Project("{FAE04EC0-301F-11D3-BF4B-00C04F79EFBC}") = "UUID.Serialization.Newtonsoft.Tests", "test\UUID.Serialization.Newtonsoft.Tests\UUID.Serialization.Newtonsoft.Tests.csproj", "{180CBF6A-083D-388E-C2F2-49FEADB4183B}"
EndProject
Project("{FAE04EC0-301F-11D3-BF4B-00C04F79EFBC}") = "UUID.Serialization.Newtonsoft.Demo", "demo\UUID.Serialization.Newtonsoft.Demo\UUID.Serialization.Newtonsoft.Demo.csproj", "{A4C2B368-9002-E86D-F43E-DA7A40BB15D8}"
EndProject
Project("{FAE04EC0-301F-11D3-BF4B-00C04F79EFBC}") = "UUID.Serialization.System.Demo", "demo\UUID.Serialization.System.Demo\UUID.Serialization.System.Demo.csproj", "{BB2ADD76-012C-E72D-3408-4798106AF345}"
EndProject
Project("{FAE04EC0-301F-11D3-BF4B-00C04F79EFBC}") = "UUID.Serialization.Newtonsoft.Benchmarks", "benchmark\UUID.Serialization.Newtonsoft.Benchmarks\UUID.Serialization.Newtonsoft.Benchmarks.csproj", "{B3458EF5-6BDF-A94E-1E6B-B9FD6FF363BD}"
EndProject
Project("{FAE04EC0-301F-11D3-BF4B-00C04F79EFBC}") = "UUID.Serialization.System.Benchmarks", "benchmark\UUID.Serialization.System.Benchmarks\UUID.Serialization.System.Benchmarks.csproj", "{8F0B6B6A-7336-DE7A-5B79-AD1C38F60139}"
EndProject
Project("{FAE04EC0-301F-11D3-BF4B-00C04F79EFBC}") = "UUID.Compare.Benchmarks", "benchmark\UUID.Compare.Benchmarks\UUID.Compare.Benchmarks.csproj", "{7836A9A9-ABF1-F1F9-DF37-F3F7115C4048}"
EndProject
Project("{FAE04EC0-301F-11D3-BF4B-00C04F79EFBC}") = "UUID.Serialization.MessagePack", "src\UUID.Serialization.MessagePack\UUID.Serialization.MessagePack.csproj", "{0768C1B3-C996-57D2-0C66-397FF5ED9D99}"
EndProject
Project("{FAE04EC0-301F-11D3-BF4B-00C04F79EFBC}") = "UUID.Serialization.MessagePack.Tests", "test\UUID.Serialization.MessagePack.Tests\UUID.Serialization.MessagePack.Tests.csproj", "{35FBB63B-1D89-473C-71AC-E93966A0CAEE}"
EndProject
Project("{FAE04EC0-301F-11D3-BF4B-00C04F79EFBC}") = "UUID.Serialization.MessagePack.Benchmarks", "benchmark\UUID.Serialization.MessagePack.Benchmarks\UUID.Serialization.MessagePack.Benchmarks.csproj", "{88F5B9BD-EC39-8329-FA2E-B48A9C8A9E6E}"
EndProject
Global
	GlobalSection(SolutionConfigurationPlatforms) = preSolution
		Debug|Any CPU = Debug|Any CPU
		Release|Any CPU = Release|Any CPU
	EndGlobalSection
	GlobalSection(ProjectConfigurationPlatforms) = postSolution
		{BDBE3439-450F-8792-3B14-6E8333921809}.Debug|Any CPU.ActiveCfg = Debug|Any CPU
		{BDBE3439-450F-8792-3B14-6E8333921809}.Debug|Any CPU.Build.0 = Debug|Any CPU
		{BDBE3439-450F-8792-3B14-6E8333921809}.Release|Any CPU.ActiveCfg = Release|Any CPU
		{BDBE3439-450F-8792-3B14-6E8333921809}.Release|Any CPU.Build.0 = Release|Any CPU
		{5CC30F3B-431B-496B-91F9-9FD12F079DBA}.Debug|Any CPU.ActiveCfg = Debug|Any CPU
		{5CC30F3B-431B-496B-91F9-9FD12F079DBA}.Debug|Any CPU.Build.0 = Debug|Any CPU
		{5CC30F3B-431B-496B-91F9-9FD12F079DBA}.Release|Any CPU.ActiveCfg = Release|Any CPU
		{5CC30F3B-431B-496B-91F9-9FD12F079DBA}.Release|Any CPU.Build.0 = Release|Any CPU
		{FC997986-74D3-F9FE-BA5C-376D348DF859}.Debug|Any CPU.ActiveCfg = Debug|Any CPU
		{FC997986-74D3-F9FE-BA5C-376D348DF859}.Debug|Any CPU.Build.0 = Debug|Any CPU
		{FC997986-74D3-F9FE-BA5C-376D348DF859}.Release|Any CPU.ActiveCfg = Release|Any CPU
		{FC997986-74D3-F9FE-BA5C-376D348DF859}.Release|Any CPU.Build.0 = Release|Any CPU
		{709ECC72-B71F-C590-0855-BB31582B4CFC}.Debug|Any CPU.ActiveCfg = Debug|Any CPU
		{709ECC72-B71F-C590-0855-BB31582B4CFC}.Debug|Any CPU.Build.0 = Debug|Any CPU
		{709ECC72-B71F-C590-0855-BB31582B4CFC}.Release|Any CPU.ActiveCfg = Release|Any CPU
		{709ECC72-B71F-C590-0855-BB31582B4CFC}.Release|Any CPU.Build.0 = Release|Any CPU
		{AE19A6AD-012A-9C81-AF15-A141F6327505}.Debug|Any CPU.ActiveCfg = Debug|Any CPU
		{AE19A6AD-012A-9C81-AF15-A141F6327505}.Debug|Any CPU.Build.0 = Debug|Any CPU
		{AE19A6AD-012A-9C81-AF15-A141F6327505}.Release|Any CPU.ActiveCfg = Release|Any CPU
		{AE19A6AD-012A-9C81-AF15-A141F6327505}.Release|Any CPU.Build.0 = Release|Any CPU
		{9C07747D-CD55-53CF-DE50-ED55C2D6D51E}.Debug|Any CPU.ActiveCfg = Debug|Any CPU
		{9C07747D-CD55-53CF-DE50-ED55C2D6D51E}.Debug|Any CPU.Build.0 = Debug|Any CPU
		{9C07747D-CD55-53CF-DE50-ED55C2D6D51E}.Release|Any CPU.ActiveCfg = Release|Any CPU
		{9C07747D-CD55-53CF-DE50-ED55C2D6D51E}.Release|Any CPU.Build.0 = Release|Any CPU
		{F40619AB-7DFC-8B96-92C1-8A8E0805F742}.Debug|Any CPU.ActiveCfg = Debug|Any CPU
		{F40619AB-7DFC-8B96-92C1-8A8E0805F742}.Debug|Any CPU.Build.0 = Debug|Any CPU
		{F40619AB-7DFC-8B96-92C1-8A8E0805F742}.Release|Any CPU.ActiveCfg = Release|Any CPU
		{F40619AB-7DFC-8B96-92C1-8A8E0805F742}.Release|Any CPU.Build.0 = Release|Any CPU
		{180CBF6A-083D-388E-C2F2-49FEADB4183B}.Debug|Any CPU.ActiveCfg = Debug|Any CPU
		{180CBF6A-083D-388E-C2F2-49FEADB4183B}.Debug|Any CPU.Build.0 = Debug|Any CPU
		{180CBF6A-083D-388E-C2F2-49FEADB4183B}.Release|Any CPU.ActiveCfg = Release|Any CPU
		{180CBF6A-083D-388E-C2F2-49FEADB4183B}.Release|Any CPU.Build.0 = Release|Any CPU
		{A4C2B368-9002-E86D-F43E-DA7A40BB15D8}.Debug|Any CPU.ActiveCfg = Debug|Any CPU
		{A4C2B368-9002-E86D-F43E-DA7A40BB15D8}.Debug|Any CPU.Build.0 = Debug|Any CPU
		{A4C2B368-9002-E86D-F43E-DA7A40BB15D8}.Release|Any CPU.ActiveCfg = Release|Any CPU
		{A4C2B368-9002-E86D-F43E-DA7A40BB15D8}.Release|Any CPU.Build.0 = Release|Any CPU
		{BB2ADD76-012C-E72D-3408-4798106AF345}.Debug|Any CPU.ActiveCfg = Debug|Any CPU
		{BB2ADD76-012C-E72D-3408-4798106AF345}.Debug|Any CPU.Build.0 = Debug|Any CPU
		{BB2ADD76-012C-E72D-3408-4798106AF345}.Release|Any CPU.ActiveCfg = Release|Any CPU
		{BB2ADD76-012C-E72D-3408-4798106AF345}.Release|Any CPU.Build.0 = Release|Any CPU
		{B3458EF5-6BDF-A94E-1E6B-B9FD6FF363BD}.Debug|Any CPU.ActiveCfg = Debug|Any CPU
		{B3458EF5-6BDF-A94E-1E6B-B9FD6FF363BD}.Debug|Any CPU.Build.0 = Debug|Any CPU
		{B3458EF5-6BDF-A94E-1E6B-B9FD6FF363BD}.Release|Any CPU.ActiveCfg = Release|Any CPU
		{B3458EF5-6BDF-A94E-1E6B-B9FD6FF363BD}.Release|Any CPU.Build.0 = Release|Any CPU
		{8F0B6B6A-7336-DE7A-5B79-AD1C38F60139}.Debug|Any CPU.ActiveCfg = Debug|Any CPU
		{8F0B6B6A-7336-DE7A-5B79-AD1C38F60139}.Debug|Any CPU.Build.0 = Debug|Any CPU
		{8F0B6B6A-7336-DE7A-5B79-AD1C38F60139}.Release|Any CPU.ActiveCfg = Release|Any CPU
		{8F0B6B6A-7336-DE7A-5B79-AD1C38F60139}.Release|Any CPU.Build.0 = Release|Any CPU
		{7836A9A9-ABF1-F1F9-DF37-F3F7115C4048}.Debug|Any CPU.ActiveCfg = Debug|Any CPU
		{7836A9A9-ABF1-F1F9-DF37-F3F7115C4048}.Debug|Any CPU.Build.0 = Debug|Any CPU
		{7836A9A9-ABF1-F1F9-DF37-F3F7115C4048}.Release|Any CPU.ActiveCfg = Release|Any CPU
		{7836A9A9-ABF1-F1F9-DF37-F3F7115C4048}.Release|Any CPU.Build.0 = Release|Any CPU
		{0768C1B3-C996-57D2-0C66-397FF5ED9D99}.Debug|Any CPU.ActiveCfg = Debug|Any CPU
		{0768C1B3-C996-57D2-0C66-397FF5ED9D99}.Debug|Any CPU.Build.0 = Debug|Any CPU
		{0768C1B3-C996-57D2-0C66-397FF5ED9D99}.Release|Any CPU.ActiveCfg = Release|Any CPU
		{0768C1B3-C996-57D2-0C66-397FF5ED9D99}.Release|Any CPU.Build.0 = Release|Any CPU
		{35FBB63B-1D89-473C-71AC-E93966A0CAEE}.Debug|Any CPU.ActiveCfg = Debug|Any CPU
		{35FBB63B-1D89-473C-71AC-E93966A0CAEE}.Debug|Any CPU.Build.0 = Debug|Any CPU
		{35FBB63B-1D89-473C-71AC-E93966A0CAEE}.Release|Any CPU.ActiveCfg = Release|Any CPU
		{35FBB63B-1D89-473C-71AC-E93966A0CAEE}.Release|Any CPU.Build.0 = Release|Any CPU
		{88F5B9BD-EC39-8329-FA2E-B48A9C8A9E6E}.Debug|Any CPU.ActiveCfg = Debug|Any CPU
		{88F5B9BD-EC39-8329-FA2E-B48A9C8A9E6E}.Debug|Any CPU.Build.0 = Debug|Any CPU
		{88F5B9BD-EC39-8329-FA2E-B48A9C8A9E6E}.Release|Any CPU.ActiveCfg = Release|Any CPU
		{88F5B9BD-EC39-8329-FA2E-B48A9C8A9E6E}.Release|Any CPU.Build.0 = Release|Any CPU
	EndGlobalSection
	GlobalSection(SolutionProperties) = preSolution
		HideSolutionNode = FALSE
	EndGlobalSection
	GlobalSection(NestedProjects) = preSolution
		{BDBE3439-450F-8792-3B14-6E8333921809} = {04361DC9-3E9F-481A-9489-068DE8688332}
		{5CC30F3B-431B-496B-91F9-9FD12F079DBA} = {A98F348B-49A9-43CB-924A-9F0A40CA88B2}
		{FC997986-74D3-F9FE-BA5C-376D348DF859} = {02D54F9E-8518-40C9-B2CD-2A4F8CA339A3}
		{709ECC72-B71F-C590-0855-BB31582B4CFC} = {02EA681E-C7D8-13C7-8484-4AC65E1B71E8}
		{AE19A6AD-012A-9C81-AF15-A141F6327505} = {A98F348B-49A9-43CB-924A-9F0A40CA88B2}
		{9C07747D-CD55-53CF-DE50-ED55C2D6D51E} = {A98F348B-49A9-43CB-924A-9F0A40CA88B2}
		{F40619AB-7DFC-8B96-92C1-8A8E0805F742} = {02D54F9E-8518-40C9-B2CD-2A4F8CA339A3}
		{180CBF6A-083D-388E-C2F2-49FEADB4183B} = {02D54F9E-8518-40C9-B2CD-2A4F8CA339A3}
		{A4C2B368-9002-E86D-F43E-DA7A40BB15D8} = {04361DC9-3E9F-481A-9489-068DE8688332}
		{BB2ADD76-012C-E72D-3408-4798106AF345} = {04361DC9-3E9F-481A-9489-068DE8688332}
		{B3458EF5-6BDF-A94E-1E6B-B9FD6FF363BD} = {02EA681E-C7D8-13C7-8484-4AC65E1B71E8}
		{8F0B6B6A-7336-DE7A-5B79-AD1C38F60139} = {02EA681E-C7D8-13C7-8484-4AC65E1B71E8}
		{7836A9A9-ABF1-F1F9-DF37-F3F7115C4048} = {02EA681E-C7D8-13C7-8484-4AC65E1B71E8}
		{0768C1B3-C996-57D2-0C66-397FF5ED9D99} = {A98F348B-49A9-43CB-924A-9F0A40CA88B2}
		{35FBB63B-1D89-473C-71AC-E93966A0CAEE} = {02D54F9E-8518-40C9-B2CD-2A4F8CA339A3}
		{88F5B9BD-EC39-8329-FA2E-B48A9C8A9E6E} = {02EA681E-C7D8-13C7-8484-4AC65E1B71E8}
	EndGlobalSection
	GlobalSection(ExtensibilityGlobals) = postSolution
		SolutionGuid = {5DA4A105-4BC7-4943-9328-F7274E75FCB3}
	EndGlobalSection
EndGlobal
